{
  "name": "check_3500_words",
  "version": "1.0.0",
  "lockfileVersion": 2,
  "requires": true,
  "packages": {
    "": {
      "name": "check_3500_words",
      "version": "1.0.0",
      "license": "ISC",
      "dependencies": {
        "cnchar-idiom": "^3.2.2",
        "pinyin-pro": "^3.13.0",
        "underscore": "^1.13.6"
      }
    },
    "node_modules/cnchar-idiom": {
      "version": "3.2.2",
      "resolved": "https://mirrors.tencent.com/npm/cnchar-idiom/-/cnchar-idiom-3.2.2.tgz",
      "integrity": "sha512-8VVmQWDs/HarywHYW+To/P46Hs8tTH+sYasAIw052KA9gWgX9M1hbhKP5uxW+5D2xz4jArQYZvnk85VfCaJpoA==",
      "license": "MIT",
      "dependencies": {
        "cnchar-types": "^3.2.2"
      }
    },
    "node_modules/cnchar-types": {
      "version": "3.2.2",
      "resolved": "https://mirrors.tencent.com/npm/cnchar-types/-/cnchar-types-3.2.2.tgz",
      "integrity": "sha512-25h6rT/c7r3CUC5VRp/roSGgAb2XRwUqHlJVZ1fRIXcOY+g+qoCnUsUIuLvsyV5hX7ReD+/9fraScL41Vowljg==",
      "license": "MIT"
    },
    "node_modules/pinyin-pro": {
      "version": "3.13.0",
      "resolved": "https://mirrors.tencent.com/npm/pinyin-pro/-/pinyin-pro-3.13.0.tgz",
      "integrity": "sha512-mwXkm0fbNdyBqWMCkpmPDT3by8nAIROpQBtJPd2zCQtYn/ED2KWe42X7gZ96R7jZz8zPzaWk5yq93BnOOucNNw==",
      "license": "MIT"
    },
    "node_modules/underscore": {
      "version": "1.13.6",
      "resolved": "https://mirrors.tencent.com/npm/underscore/-/underscore-1.13.6.tgz",
      "integrity": "sha512-+A5Sja4HP1M08MaXya7p5LvjuM7K6q/2EaC0+iovj/wOcMsTzMvDFbasi/oSapiwOlt252IqsKqPjCl7huKS0A==",
      "license": "MIT"
    }
  },
  "dependencies": {
    "cnchar-idiom": {
      "version": "3.2.2",
      "resolved": "https://mirrors.tencent.com/npm/cnchar-idiom/-/cnchar-idiom-3.2.2.tgz",
      "integrity": "sha512-8VVmQWDs/HarywHYW+To/P46Hs8tTH+sYasAIw052KA9gWgX9M1hbhKP5uxW+5D2xz4jArQYZvnk85VfCaJpoA==",
      "requires": {
        "cnchar-types": "^3.2.2"
      }
    },
    "cnchar-types": {
      "version": "3.2.2",
      "resolved": "https://mirrors.tencent.com/npm/cnchar-types/-/cnchar-types-3.2.2.tgz",
      "integrity": "sha512-25h6rT/c7r3CUC5VRp/roSGgAb2XRwUqHlJVZ1fRIXcOY+g+qoCnUsUIuLvsyV5hX7ReD+/9fraScL41Vowljg=="
    },
    "pinyin-pro": {
      "version": "3.13.0",
      "resolved": "https://mirrors.tencent.com/npm/pinyin-pro/-/pinyin-pro-3.13.0.tgz",
      "integrity": "sha512-mwXkm0fbNdyBqWMCkpmPDT3by8nAIROpQBtJPd2zCQtYn/ED2KWe42X7gZ96R7jZz8zPzaWk5yq93BnOOucNNw=="
    },
    "underscore": {
      "version": "1.13.6",
      "resolved": "https://mirrors.tencent.com/npm/underscore/-/underscore-1.13.6.tgz",
      "integrity": "sha512-+A5Sja4HP1M08MaXya7p5LvjuM7K6q/2EaC0+iovj/wOcMsTzMvDFbasi/oSapiwOlt252IqsKqPjCl7huKS0A=="
    }
  }
}
